
Microsoft Visual Studio Solution File, Format Version 12.00
# Visual Studio Version 17
VisualStudioVersion = 17.8.34511.84
MinimumVisualStudioVersion = 10.0.40219.1
Project("{9A19103F-16F7-4668-BE54-9A1E7A4F7556}") = "App", "App.csproj", "{74FCF304-6BCC-4078-B21E-2B430D11FFAB}"
EndProject
Global
	GlobalSection(SolutionConfigurationPlatforms) = preSolution
		Debug|Any CPU = Debug|Any CPU
		Debug|ARM64 = Debug|ARM64
		Release|Any CPU = Release|Any CPU
		Release|ARM64 = Release|ARM64
	EndGlobalSection
	GlobalSection(ProjectConfigurationPlatforms) = postSolution
		{74FCF304-6BCC-4078-B21E-2B430D11FFAB}.Debug|Any CPU.ActiveCfg = Debug|Any CPU
		{74FCF304-6BCC-4078-B21E-2B430D11FFAB}.Debug|Any CPU.Build.0 = Debug|Any CPU
		{74FCF304-6BCC-4078-B21E-2B430D11FFAB}.Debug|ARM64.ActiveCfg = Debug|ARM64
		{74FCF304-6BCC-4078-B21E-2B430D11FFAB}.Debug|ARM64.Build.0 = Debug|ARM64
		{74FCF304-6BCC-4078-B21E-2B430D11FFAB}.Release|Any CPU.ActiveCfg = Release|Any CPU
		{74FCF304-6BCC-4078-B21E-2B430D11FFAB}.Release|Any CPU.Build.0 = Release|Any CPU
		{74FCF304-6BCC-4078-B21E-2B430D11FFAB}.Release|ARM64.ActiveCfg = Release|ARM64
		{74FCF304-6BCC-4078-B21E-2B430D11FFAB}.Release|ARM64.Build.0 = Release|ARM64
	EndGlobalSection
	GlobalSection(SolutionProperties) = preSolution
		HideSolutionNode = FALSE
	EndGlobalSection
	GlobalSection(ExtensibilityGlobals) = postSolution
		SolutionGuid = {664925BC-068B-44D5-AF2E-12BB3EFC2E30}
	EndGlobalSection
EndGlobal
